github.com/go-telegram/bot v1.14.2 h1:j9hXerxTuvkw7yFi3sF5jjRVGozNVKkMQSKjMeBJ5FY=
github.com/go-telegram/bot v1.14.2/go.mod h1:i2TRs7fXWIeaceF3z7KzsMt/he0TwkVC680mvdTFYeM=
github.com/google/uuid v1.6.0 h1:NIvaJDMOsjHA8n1jAhLSgzrAzy1Hgr+hNrb57e+94F0=
github.com/google/uuid v1.6.0/go.mod h1:TIyPZe4MgqvfeYDBFedMoGGpEw/LqOeaOT+nhxU+yHo=
